# This file was autogenerated by Stack.
# You should not edit this file by hand.
# For more information, please see the documentation at:
#   https://docs.haskellstack.org/en/stable/lock_files

packages:
- completed:
    subdir: mutable-containers
    name: mutable-containers
    version: 0.3.4
    git: https://github.com/runeksvendsen/mono-traversable.git
    pantry-tree:
      size: 977
      sha256: ebca039ff52f8159f172a134ef7ed471d3da26033a23f1e142a505fc838490a5
    commit: d1c7e00240482b57ed61e9342cb227d44a02c70a
  original:
    subdir: mutable-containers
    git: https://github.com/runeksvendsen/mono-traversable.git
    commit: d1c7e00240482b57ed61e9342cb227d44a02c70a
- completed:
    name: impure-containers
    version: 0.5.0
    git: https://github.com/runeksvendsen/impure-containers.git
    pantry-tree:
      size: 3521
      sha256: fa237cc8403af64562586e568f4b889729c3b8e1741e21ee3a8ba59e9345f203
    commit: 0f00dc9a617d5312b6fe5e9ddb9c2b4b9d0afdaf
  original:
    git: https://github.com/runeksvendsen/impure-containers.git
    commit: 0f00dc9a617d5312b6fe5e9ddb9c2b4b9d0afdaf
- completed:
    hackage: containers-0.5.11.0@sha256:28ad7337057442f75bc689315ab4ec7bdf5e6b2c39668f306672cecd82c02798,16685
    pantry-tree:
      size: 4849
      sha256: faa4e75922a28f7cfe9920c1d7ab3866b792cefcd29bf79f54cfe3b6b5f57cbf
  original:
    hackage: containers-0.5.11.0@sha256:28ad7337057442f75bc689315ab4ec7bdf5e6b2c39668f306672cecd82c02798,16685
- completed:
    hackage: binary-0.8.8.0@sha256:e9387a7ef2b34c6a23b09664c306e37cc01ae2cb4e4511a1c96ffb14008c24b0,6262
    pantry-tree:
      size: 1976
      sha256: 271cd1e75af293fc25a489d860f094dc635a4ed8b56aa5b343c58f4637736ca3
  original:
    hackage: binary-0.8.8.0@sha256:e9387a7ef2b34c6a23b09664c306e37cc01ae2cb4e4511a1c96ffb14008c24b0,6262
- completed:
    hackage: text-1.2.4.0@sha256:8c24450feb8e3bbb7ea3e17af24ef57e85db077c4bf53e5bcc345b283d1b1d5b,10081
    pantry-tree:
      size: 7457
      sha256: 3437b0a73ce2ae1a81aa8b3438d41a85981c00894cdbee0d6d6d6873046a5d5d
  original:
    hackage: text-1.2.4.0@sha256:8c24450feb8e3bbb7ea3e17af24ef57e85db077c4bf53e5bcc345b283d1b1d5b,10081
snapshots:
- completed:
    size: 523443
    url: https://raw.githubusercontent.com/commercialhaskell/stackage-snapshots/master/lts/14/0.yaml
    sha256: 283773e7120f5446d961eab35ea95c9af9c24187cc178537bd29273200a05171
  original: lts-14.0
